
Microsoft Visual Studio Solution File, Format Version 12.00
# Visual Studio Version 16
VisualStudioVersion = 16.0.31205.134
MinimumVisualStudioVersion = 10.0.40219.1
Project("{FAE04EC0-301F-11D3-BF4B-00C04F79EFBC}") = "H15_Feature_File", "H15_Feature_File\H15_Feature_File.csproj", "{378CDD76-E659-45BC-879D-C55E3F1D6E48}"
EndProject
Global
	GlobalSection(SolutionConfigurationPlatforms) = preSolution
		Debug|Any CPU = Debug|Any CPU
		Release|Any CPU = Release|Any CPU
	EndGlobalSection
	GlobalSection(ProjectConfigurationPlatforms) = postSolution
		{378CDD76-E659-45BC-879D-C55E3F1D6E48}.Debug|Any CPU.ActiveCfg = Debug|Any CPU
		{378CDD76-E659-45BC-879D-C55E3F1D6E48}.Debug|Any CPU.Build.0 = Debug|Any CPU
		{378CDD76-E659-45BC-879D-C55E3F1D6E48}.Release|Any CPU.ActiveCfg = Release|Any CPU
		{378CDD76-E659-45BC-879D-C55E3F1D6E48}.Release|Any CPU.Build.0 = Release|Any CPU
	EndGlobalSection
	GlobalSection(SolutionProperties) = preSolution
		HideSolutionNode = FALSE
	EndGlobalSection
	GlobalSection(ExtensibilityGlobals) = postSolution
		SolutionGuid = {ED902C24-5150-484A-A44F-D62D06BE5D55}
	EndGlobalSection
EndGlobal
